// !$*UTF8*$!
{
	archiveVersion = 1;
	classes = {
	};
	objectVersion = 46;
	objects = {

/* Begin PBXBuildFile section */
		9A60FDD81BCAB676007B0AB9 /* main.m in Sources */ = {isa = PBXBuildFile; fileRef = 9A60FDD71BCAB676007B0AB9 /* main.m */; };
		9A60FDDB1BCAB676007B0AB9 /* AppDelegate.m in Sources */ = {isa = PBXBuildFile; fileRef = 9A60FDDA1BCAB676007B0AB9 /* AppDelegate.m */; };
		9A60FDDE1BCAB676007B0AB9 /* ViewController.m in Sources */ = {isa = PBXBuildFile; fileRef = 9A60FDDD1BCAB676007B0AB9 /* ViewController.m */; };
		9A60FDE11BCAB676007B0AB9 /* Main.storyboard in Resources */ = {isa = PBXBuildFile; fileRef = 9A60FDDF1BCAB676007B0AB9 /* Main.storyboard */; };
		9A60FDE31BCAB676007B0AB9 /* Assets.xcassets in Resources */ = {isa = PBXBuildFile; fileRef = 9A60FDE21BCAB676007B0AB9 /* Assets.xcassets */; };
		9A60FDE61BCAB676007B0AB9 /* LaunchScreen.storyboard in Resources */ = {isa = PBXBuildFile; fileRef = 9A60FDE41BCAB676007B0AB9 /* LaunchScreen.storyboard */; };
		9A60FDF11BCAB676007B0AB9 /* ViewsTestTests.m in Sources */ = {isa = PBXBuildFile; fileRef = 9A60FDF01BCAB676007B0AB9 /* ViewsTestTests.m */; };
		9A60FDFC1BCAB676007B0AB9 /* ViewsTestUITests.m in Sources */ = {isa = PBXBuildFile; fileRef = 9A60FDFB1BCAB676007B0AB9 /* ViewsTestUITests.m */; };
/* End PBXBuildFile section */

/* Begin PBXContainerItemProxy section */
		9A60FDED1BCAB676007B0AB9 /* PBXContainerItemProxy */ = {
			isa = PBXContainerItemProxy;
			containerPortal = 9A60FDCB1BCAB676007B0AB9 /* Project object */;
			proxyType = 1;
			remoteGlobalIDString = 9A60FDD21BCAB676007B0AB9;
			remoteInfo = ViewsTest;
		};
		9A60FDF81BCAB676007B0AB9 /* PBXContainerItemProxy */ = {
			isa = PBXContainerItemProxy;
			containerPortal = 9A60FDCB1BCAB676007B0AB9 /* Project object */;
			proxyType = 1;
			remoteGlobalIDString = 9A60FDD21BCAB676007B0AB9;
			remoteInfo = ViewsTest;
		};
/* End PBXContainerItemProxy section */

/* Begin PBXFileReference section */
		9A60FDD31BCAB676007B0AB9 /* ViewsTest.app */ = {isa = PBXFileReference; explicitFileType = wrapper.application; includeInIndex = 0; path = ViewsTest.app; sourceTree = BUILT_PRODUCTS_DIR; };
		9A60FDD71BCAB676007B0AB9 /* main.m */ = {isa = PBXFileReference; lastKnownFileType = sourcecode.c.objc; path = main.m; sourceTree = "<group>"; };
		9A60FDD91BCAB676007B0AB9 /* AppDelegate.h */ = {isa = PBXFileReference; lastKnownFileType = sourcecode.c.h; path = AppDelegate.h; sourceTree = "<group>"; };
		9A60FDDA1BCAB676007B0AB9 /* AppDelegate.m */ = {isa = PBXFileReference; lastKnownFileType = sourcecode.c.objc; path = AppDelegate.m; sourceTree = "<group>"; };
		9A60FDDC1BCAB676007B0AB9 /* ViewController.h */ = {isa = PBXFileReference; lastKnownFileType = sourcecode.c.h; path = ViewController.h; sourceTree = "<group>"; };
		9A60FDDD1BCAB676007B0AB9 /* ViewController.m */ = {isa = PBXFileReference; lastKnownFileType = sourcecode.c.objc; path = ViewController.m; sourceTree = "<group>"; };
		9A60FDE01BCAB676007B0AB9 /* Base */ = {isa = PBXFileReference; lastKnownFileType = file.storyboard; name = Base; path = Base.lproj/Main.storyboard; sourceTree = "<group>"; };
		9A60FDE21BCAB676007B0AB9 /* Assets.xcassets */ = {isa = PBXFileReference; lastKnownFileType = folder.assetcatalog; path = Assets.xcassets; sourceTree = "<group>"; };
		9A60FDE51BCAB676007B0AB9 /* Base */ = {isa = PBXFileReference; lastKnownFileType = file.storyboard; name = Base; path = Base.lproj/LaunchScreen.storyboard; sourceTree = "<group>"; };
		9A60FDE71BCAB676007B0AB9 /* Info.plist */ = {isa = PBXFileReference; lastKnownFileType = text.plist.xml; path = Info.plist; sourceTree = "<group>"; };
		9A60FDEC1BCAB676007B0AB9 /* ViewsTestTests.xctest */ = {isa = PBXFileReference; explicitFileType = wrapper.cfbundle; includeInIndex = 0; path = ViewsTestTests.xctest; sourceTree = BUILT_PRODUCTS_DIR; };
		9A60FDF01BCAB676007B0AB9 /* ViewsTestTests.m */ = {isa = PBXFileReference; lastKnownFileType = sourcecode.c.objc; path = ViewsTestTests.m; sourceTree = "<group>"; };
		9A60FDF21BCAB676007B0AB9 /* Info.plist */ = {isa = PBXFileReference; lastKnownFileType = text.plist.xml; path = Info.plist; sourceTree = "<group>"; };
		9A60FDF71BCAB676007B0AB9 /* ViewsTestUITests.xctest */ = {isa = PBXFileReference; explicitFileType = wrapper.cfbundle; includeInIndex = 0; path = ViewsTestUITests.xctest; sourceTree = BUILT_PRODUCTS_DIR; };
		9A60FDFB1BCAB676007B0AB9 /* ViewsTestUITests.m */ = {isa = PBXFileReference; lastKnownFileType = sourcecode.c.objc; path = ViewsTestUITests.m; sourceTree = "<group>"; };
		9A60FDFD1BCAB676007B0AB9 /* Info.plist */ = {isa = PBXFileReference; lastKnownFileType = text.plist.xml; path = Info.plist; sourceTree = "<group>"; };
/* End PBXFileReference section */

/* Begin PBXFrameworksBuildPhase section */
		9A60FDD01BCAB676007B0AB9 /* Frameworks */ = {
			isa = PBXFrameworksBuildPhase;
			buildActionMask = 2147483647;
			files = (
			);
			runOnlyForDeploymentPostprocessing = 0;
		};
		9A60FDE91BCAB676007B0AB9 /* Frameworks */ = {
			isa = PBXFrameworksBuildPhase;
			buildActionMask = 2147483647;
			files = (
			);
			runOnlyForDeploymentPostprocessing = 0;
		};
		9A60FDF41BCAB676007B0AB9 /* Frameworks */ = {
			isa = PBXFrameworksBuildPhase;
			buildActionMask = 2147483647;
			files = (
			);
			runOnlyForDeploymentPostprocessing = 0;
		};
/* End PBXFrameworksBuildPhase section */

/* Begin PBXGroup section */
		9A60FDCA1BCAB676007B0AB9 = {
			isa = PBXGroup;
			children = (
				9A60FDD51BCAB676007B0AB9 /* ViewsTest */,
				9A60FDEF1BCAB676007B0AB9 /* ViewsTestTests */,
				9A60FDFA1BCAB676007B0AB9 /* ViewsTestUITests */,
				9A60FDD41BCAB676007B0AB9 /* Products */,
			);
			sourceTree = "<group>";
		};
		9A60FDD41BCAB676007B0AB9 /* Products */ = {
			isa = PBXGroup;
			children = (
				9A60FDD31BCAB676007B0AB9 /* ViewsTest.app */,
				9A60FDEC1BCAB676007B0AB9 /* ViewsTestTests.xctest */,
				9A60FDF71BCAB676007B0AB9 /* ViewsTestUITests.xctest */,
			);
			name = Products;
			sourceTree = "<group>";
		};
		9A60FDD51BCAB676007B0AB9 /* ViewsTest */ = {
			isa = PBXGroup;
			children = (
				9A60FDD91BCAB676007B0AB9 /* AppDelegate.h */,
				9A60FDDA1BCAB676007B0AB9 /* AppDelegate.m */,
				9A60FDDC1BCAB676007B0AB9 /* ViewController.h */,
				9A60FDDD1BCAB676007B0AB9 /* ViewController.m */,
				9A60FDDF1BCAB676007B0AB9 /* Main.storyboard */,
				9A60FDE21BCAB676007B0AB9 /* Assets.xcassets */,
				9A60FDE41BCAB676007B0AB9 /* LaunchScreen.storyboard */,
				9A60FDE71BCAB676007B0AB9 /* Info.plist */,
				9A60FDD61BCAB676007B0AB9 /* Supporting Files */,
			);
			path = ViewsTest;
			sourceTree = "<group>";
		};
		9A60FDD61BCAB676007B0AB9 /* Supporting Files */ = {
			isa = PBXGroup;
			children = (
				9A60FDD71BCAB676007B0AB9 /* main.m */,
			);
			name = "Supporting Files";
			sourceTree = "<group>";
		};
		9A60FDEF1BCAB676007B0AB9 /* ViewsTestTests */ = {
			isa = PBXGroup;
			children = (
				9A60FDF01BCAB676007B0AB9 /* ViewsTestTests.m */,
				9A60FDF21BCAB676007B0AB9 /* Info.plist */,
			);
			path = ViewsTestTests;
			sourceTree = "<group>";
		};
		9A60FDFA1BCAB676007B0AB9 /* ViewsTestUITests */ = {
			isa = PBXGroup;
			children = (
				9A60FDFB1BCAB676007B0AB9 /* ViewsTestUITests.m */,
				9A60FDFD1BCAB676007B0AB9 /* Info.plist */,
			);
			path = ViewsTestUITests;
			sourceTree = "<group>";
		};
/* End PBXGroup section */

/* Begin PBXNativeTarget section */
		9A60FDD21BCAB676007B0AB9 /* ViewsTest */ = {
			isa = PBXNativeTarget;
			buildConfigurationList = 9A60FE001BCAB676007B0AB9 /* Build configuration list for PBXNativeTarget "ViewsTest" */;
			buildPhases = (
				9A60FDCF1BCAB676007B0AB9 /* Sources */,
				9A60FDD01BCAB676007B0AB9 /* Frameworks */,
				9A60FDD11BCAB676007B0AB9 /* Resources */,
			);
			buildRules = (
			);
			dependencies = (
			);
			name = ViewsTest;
			productName = ViewsTest;
			productReference = 9A60FDD31BCAB676007B0AB9 /* ViewsTest.app */;
			productType = "com.apple.product-type.application";
		};
		9A60FDEB1BCAB676007B0AB9 /* ViewsTestTests */ = {
			isa = PBXNativeTarget;
			buildConfigurationList = 9A60FE031BCAB676007B0AB9 /* Build configuration list for PBXNativeTarget "ViewsTestTests" */;
			buildPhases = (
				9A60FDE81BCAB676007B0AB9 /* Sources */,
				9A60FDE91BCAB676007B0AB9 /* Frameworks */,
				9A60FDEA1BCAB676007B0AB9 /* Resources */,
			);
			buildRules = (
			);
			dependencies = (
				9A60FDEE1BCAB676007B0AB9 /* PBXTargetDependency */,
			);
			name = ViewsTestTests;
			productName = ViewsTestTests;
			productReference = 9A60FDEC1BCAB676007B0AB9 /* ViewsTestTests.xctest */;
			productType = "com.apple.product-type.bundle.unit-test";
		};
		9A60FDF61BCAB676007B0AB9 /* ViewsTestUITests */ = {
			isa = PBXNativeTarget;
			buildConfigurationList = 9A60FE061BCAB676007B0AB9 /* Build configuration list for PBXNativeTarget "ViewsTestUITests" */;
			buildPhases = (
				9A60FDF31BCAB676007B0AB9 /* Sources */,
				9A60FDF41BCAB676007B0AB9 /* Frameworks */,
				9A60FDF51BCAB676007B0AB9 /* Resources */,
			);
			buildRules = (
			);
			dependencies = (
				9A60FDF91BCAB676007B0AB9 /* PBXTargetDependency */,
			);
			name = ViewsTestUITests;
			productName = ViewsTestUITests;
			productReference = 9A60FDF71BCAB676007B0AB9 /* ViewsTestUITests.xctest */;
			productType = "com.apple.product-type.bundle.ui-testing";
		};
/* End PBXNativeTarget section */

/* Begin PBXProject section */
		9A60FDCB1BCAB676007B0AB9 /* Project object */ = {
			isa = PBXProject;
			attributes = {
				LastUpgradeCheck = 0700;
				ORGANIZATIONNAME = "Nikolay Berlioz";
				TargetAttributes = {
					9A60FDD21BCAB676007B0AB9 = {
						CreatedOnToolsVersion = 7.0.1;
					};
					9A60FDEB1BCAB676007B0AB9 = {
						CreatedOnToolsVersion = 7.0.1;
						TestTargetID = 9A60FDD21BCAB676007B0AB9;
					};
					9A60FDF61BCAB676007B0AB9 = {
						CreatedOnToolsVersion = 7.0.1;
						TestTargetID = 9A60FDD21BCAB676007B0AB9;
					};
				};
			};
			buildConfigurationList = 9A60FDCE1BCAB676007B0AB9 /* Build configuration list for PBXProject "ViewsTest" */;
			compatibilityVersion = "Xcode 3.2";
			developmentRegion = English;
			hasScannedForEncodings = 0;
			knownRegions = (
				en,
				Base,
			);
			mainGroup = 9A60FDCA1BCAB676007B0AB9;
			productRefGroup = 9A60FDD41BCAB676007B0AB9 /* Products */;
			projectDirPath = "";
			projectRoot = "";
			targets = (
				9A60FDD21BCAB676007B0AB9 /* ViewsTest */,
				9A60FDEB1BCAB676007B0AB9 /* ViewsTestTests */,
				9A60FDF61BCAB676007B0AB9 /* ViewsTestUITests */,
			);
		};
/* End PBXProject section */

/* Begin PBXResourcesBuildPhase section */
		9A60FDD11BCAB676007B0AB9 /* Resources */ = {
			isa = PBXResourcesBuildPhase;
			buildActionMask = 2147483647;
			files = (
				9A60FDE61BCAB676007B0AB9 /* LaunchScreen.storyboard in Resources */,
				9A60FDE31BCAB676007B0AB9 /* Assets.xcassets in Resources */,
				9A60FDE11BCAB676007B0AB9 /* Main.storyboard in Resources */,
			);
			runOnlyForDeploymentPostprocessing = 0;
		};
		9A60FDEA1BCAB676007B0AB9 /* Resources */ = {
			isa = PBXResourcesBuildPhase;
			buildActionMask = 2147483647;
			files = (
			);
			runOnlyForDeploymentPostprocessing = 0;
		};
		9A60FDF51BCAB676007B0AB9 /* Resources */ = {
			isa = PBXResourcesBuildPhase;
			buildActionMask = 2147483647;
			files = (
			);
			runOnlyForDeploymentPostprocessing = 0;
		};
/* End PBXResourcesBuildPhase section */

/* Begin PBXSourcesBuildPhase section */
		9A60FDCF1BCAB676007B0AB9 /* Sources */ = {
			isa = PBXSourcesBuildPhase;
			buildActionMask = 2147483647;
			files = (
				9A60FDDE1BCAB676007B0AB9 /* ViewController.m in Sources */,
				9A60FDDB1BCAB676007B0AB9 /* AppDelegate.m in Sources */,
				9A60FDD81BCAB676007B0AB9 /* main.m in Sources */,
			);
			runOnlyForDeploymentPostprocessing = 0;
		};
		9A60FDE81BCAB676007B0AB9 /* Sources */ = {
			isa = PBXSourcesBuildPhase;
			buildActionMask = 2147483647;
			files = (
				9A60FDF11BCAB676007B0AB9 /* ViewsTestTests.m in Sources */,
			);
			runOnlyForDeploymentPostprocessing = 0;
		};
		9A60FDF31BCAB676007B0AB9 /* Sources */ = {
			isa = PBXSourcesBuildPhase;
			buildActionMask = 2147483647;
			files = (
				9A60FDFC1BCAB676007B0AB9 /* ViewsTestUITests.m in Sources */,
			);
			runOnlyForDeploymentPostprocessing = 0;
		};
/* End PBXSourcesBuildPhase section */

/* Begin PBXTargetDependency section */
		9A60FDEE1BCAB676007B0AB9 /* PBXTargetDependency */ = {
			isa = PBXTargetDependency;
			target = 9A60FDD21BCAB676007B0AB9 /* ViewsTest */;
			targetProxy = 9A60FDED1BCAB676007B0AB9 /* PBXContainerItemProxy */;
		};
		9A60FDF91BCAB676007B0AB9 /* PBXTargetDependency */ = {
			isa = PBXTargetDependency;
			target = 9A60FDD21BCAB676007B0AB9 /* ViewsTest */;
			targetProxy = 9A60FDF81BCAB676007B0AB9 /* PBXContainerItemProxy */;
		};
/* End PBXTargetDependency section */

/* Begin PBXVariantGroup section */
		9A60FDDF1BCAB676007B0AB9 /* Main.storyboard */ = {
			isa = PBXVariantGroup;
			children = (
				9A60FDE01BCAB676007B0AB9 /* Base */,
			);
			name = Main.storyboard;
			sourceTree = "<group>";
		};
		9A60FDE41BCAB676007B0AB9 /* LaunchScreen.storyboard */ = {
			isa = PBXVariantGroup;
			children = (
				9A60FDE51BCAB676007B0AB9 /* Base */,
			);
			name = LaunchScreen.storyboard;
			sourceTree = "<group>";
		};
/* End PBXVariantGroup section */

/* Begin XCBuildConfiguration section */
		9A60FDFE1BCAB676007B0AB9 /* Debug */ = {
			isa = XCBuildConfiguration;
			buildSettings = {
				ALWAYS_SEARCH_USER_PATHS = NO;
				CLANG_CXX_LANGUAGE_STANDARD = "gnu++0x";
				CLANG_CXX_LIBRARY = "libc++";
				CLANG_ENABLE_MODULES = YES;
				CLANG_ENABLE_OBJC_ARC = YES;
				CLANG_WARN_BOOL_CONVERSION = YES;
				CLANG_WARN_CONSTANT_CONVERSION = YES;
				CLANG_WARN_DIRECT_OBJC_ISA_USAGE = YES_ERROR;
				CLANG_WARN_EMPTY_BODY = YES;
				CLANG_WARN_ENUM_CONVERSION = YES;
				CLANG_WARN_INT_CONVERSION = YES;
				CLANG_WARN_OBJC_ROOT_CLASS = YES_ERROR;
				CLANG_WARN_UNREACHABLE_CODE = YES;
				CLANG_WARN__DUPLICATE_METHOD_MATCH = YES;
				"CODE_SIGN_IDENTITY[sdk=iphoneos*]" = "iPhone Developer";
				COPY_PHASE_STRIP = NO;
				DEBUG_INFORMATION_FORMAT = dwarf;
				ENABLE_STRICT_OBJC_MSGSEND = YES;
				ENABLE_TESTABILITY = YES;
				GCC_C_LANGUAGE_STANDARD = gnu99;
				GCC_DYNAMIC_NO_PIC = NO;
				GCC_NO_COMMON_BLOCKS = YES;
				GCC_OPTIMIZATION_LEVEL = 0;
				GCC_PREPROCESSOR_DEFINITIONS = (
					"DEBUG=1",
					"$(inherited)",
				);
				GCC_WARN_64_TO_32_BIT_CONVERSION = YES;
				GCC_WARN_ABOUT_RETURN_TYPE = YES_ERROR;
				GCC_WARN_UNDECLARED_SELECTOR = YES;
				GCC_WARN_UNINITIALIZED_AUTOS = YES_AGGRESSIVE;
				GCC_WARN_UNUSED_FUNCTION = YES;
				GCC_WARN_UNUSED_VARIABLE = YES;
				IPHONEOS_DEPLOYMENT_TARGET = 9.0;
				MTL_ENABLE_DEBUG_INFO = YES;
				ONLY_ACTIVE_ARCH = YES;
				SDKROOT = iphoneos;
				TARGETED_DEVICE_FAMILY = "1,2";
			};
			name = Debug;
		};
		9A60FDFF1BCAB676007B0AB9 /* Release */ = {
			isa = XCBuildConfiguration;
			buildSettings = {
				ALWAYS_SEARCH_USER_PATHS = NO;
				CLANG_CXX_LANGUAGE_STANDARD = "gnu++0x";
				CLANG_CXX_LIBRARY = "libc++";
				CLANG_ENABLE_MODULES = YES;
				CLANG_ENABLE_OBJC_ARC = YES;
				CLANG_WARN_BOOL_CONVERSION = YES;
				CLANG_WARN_CONSTANT_CONVERSION = YES;
				CLANG_WARN_DIRECT_OBJC_ISA_USAGE = YES_ERROR;
				CLANG_WARN_EMPTY_BODY = YES;
				CLANG_WARN_ENUM_CONVERSION = YES;
				CLANG_WARN_INT_CONVERSION = YES;
				CLANG_WARN_OBJC_ROOT_CLASS = YES_ERROR;
				CLANG_WARN_UNREACHABLE_CODE = YES;
				CLANG_WARN__DUPLICATE_METHOD_MATCH = YES;
				"CODE_SIGN_IDENTITY[sdk=iphoneos*]" = "iPhone Developer";
				COPY_PHASE_STRIP = NO;
				DEBUG_INFORMATION_FORMAT = "dwarf-with-dsym";
				ENABLE_NS_ASSERTIONS = NO;
				ENABLE_STRICT_OBJC_MSGSEND = YES;
				GCC_C_LANGUAGE_STANDARD = gnu99;
				GCC_NO_COMMON_BLOCKS = YES;
				GCC_WARN_64_TO_32_BIT_CONVERSION = YES;
				GCC_WARN_ABOUT_RETURN_TYPE = YES_ERROR;
				GCC_WARN_UNDECLARED_SELECTOR = YES;
				GCC_WARN_UNINITIALIZED_AUTOS = YES_AGGRESSIVE;
				GCC_WARN_UNUSED_FUNCTION = YES;
				GCC_WARN_UNUSED_VARIABLE = YES;
				IPHONEOS_DEPLOYMENT_TARGET = 9.0;
				MTL_ENABLE_DEBUG_INFO = NO;
				SDKROOT = iphoneos;
				TARGETED_DEVICE_FAMILY = "1,2";
				VALIDATE_PRODUCT = YES;
			};
			name = Release;
		};
		9A60FE011BCAB676007B0AB9 /* Debug */ = {
			isa = XCBuildConfiguration;
			buildSettings = {
				ASSETCATALOG_COMPILER_APPICON_NAME = AppIcon;
				INFOPLIST_FILE = ViewsTest/Info.plist;
				LD_RUNPATH_SEARCH_PATHS = "$(inherited) @executable_path/Frameworks";
				PRODUCT_BUNDLE_IDENTIFIER = "Devil-Academy.ViewsTest";
				PRODUCT_NAME = "$(TARGET_NAME)";
				TARGETED_DEVICE_FAMILY = "1,2";
			};
			name = Debug;
		};
		9A60FE021BCAB676007B0AB9 /* Release */ = {
			isa = XCBuildConfiguration;
			buildSettings = {
				ASSETCATALOG_COMPILER_APPICON_NAME = AppIcon;
				INFOPLIST_FILE = ViewsTest/Info.plist;
				LD_RUNPATH_SEARCH_PATHS = "$(inherited) @executable_path/Frameworks";
				PRODUCT_BUNDLE_IDENTIFIER = "Devil-Academy.ViewsTest";
				PRODUCT_NAME = "$(TARGET_NAME)";
				TARGETED_DEVICE_FAMILY = "1,2";
			};
			name = Release;
		};
		9A60FE041BCAB676007B0AB9 /* Debug */ = {
			isa = XCBuildConfiguration;
			buildSettings = {
				BUNDLE_LOADER = "$(TEST_HOST)";
				INFOPLIST_FILE = ViewsTestTests/Info.plist;
				LD_RUNPATH_SEARCH_PATHS = "$(inherited) @executable_path/Frameworks @loader_path/Frameworks";
				PRODUCT_BUNDLE_IDENTIFIER = "Devil-Academy.ViewsTestTests";
				PRODUCT_NAME = "$(TARGET_NAME)";
				TEST_HOST = "$(BUILT_PRODUCTS_DIR)/ViewsTest.app/ViewsTest";
			};
			name = Debug;
		};
		9A60FE051BCAB676007B0AB9 /* Release */ = {
			isa = XCBuildConfiguration;
			buildSettings = {
				BUNDLE_LOADER = "$(TEST_HOST)";
				INFOPLIST_FILE = ViewsTestTests/Info.plist;
				LD_RUNPATH_SEARCH_PATHS = "$(inherited) @executable_path/Frameworks @loader_path/Frameworks";
				PRODUCT_BUNDLE_IDENTIFIER = "Devil-Academy.ViewsTestTests";
				PRODUCT_NAME = "$(TARGET_NAME)";
				TEST_HOST = "$(BUILT_PRODUCTS_DIR)/ViewsTest.app/ViewsTest";
			};
			name = Release;
		};
		9A60FE071BCAB676007B0AB9 /* Debug */ = {
			isa = XCBuildConfiguration;
			buildSettings = {
				INFOPLIST_FILE = ViewsTestUITests/Info.plist;
				LD_RUNPATH_SEARCH_PATHS = "$(inherited) @executable_path/Frameworks @loader_path/Frameworks";
				PRODUCT_BUNDLE_IDENTIFIER = "Devil-Academy.ViewsTestUITests";
				PRODUCT_NAME = "$(TARGET_NAME)";
				TEST_TARGET_NAME = ViewsTest;
				USES_XCTRUNNER = YES;
			};
			name = Debug;
		};
		9A60FE081BCAB676007B0AB9 /* Release */ = {
			isa = XCBuildConfiguration;
			buildSettings = {
				INFOPLIST_FILE = ViewsTestUITests/Info.plist;
				LD_RUNPATH_SEARCH_PATHS = "$(inherited) @executable_path/Frameworks @loader_path/Frameworks";
				PRODUCT_BUNDLE_IDENTIFIER = "Devil-Academy.ViewsTestUITests";
				PRODUCT_NAME = "$(TARGET_NAME)";
				TEST_TARGET_NAME = ViewsTest;
				USES_XCTRUNNER = YES;
			};
			name = Release;
		};
/* End XCBuildConfiguration section */

/* Begin XCConfigurationList section */
		9A60FDCE1BCAB676007B0AB9 /* Build configuration list for PBXProject "ViewsTest" */ = {
			isa = XCConfigurationList;
			buildConfigurations = (
				9A60FDFE1BCAB676007B0AB9 /* Debug */,
				9A60FDFF1BCAB676007B0AB9 /* Release */,
			);
			defaultConfigurationIsVisible = 0;
			defaultConfigurationName = Release;
		};
		9A60FE001BCAB676007B0AB9 /* Build configuration list for PBXNativeTarget "ViewsTest" */ = {
			isa = XCConfigurationList;
			buildConfigurations = (
				9A60FE011BCAB676007B0AB9 /* Debug */,
				9A60FE021BCAB676007B0AB9 /* Release */,
			);
			defaultConfigurationIsVisible = 0;
		};
		9A60FE031BCAB676007B0AB9 /* Build configuration list for PBXNativeTarget "ViewsTestTests" */ = {
			isa = XCConfigurationList;
			buildConfigurations = (
				9A60FE041BCAB676007B0AB9 /* Debug */,
				9A60FE051BCAB676007B0AB9 /* Release */,
			);
			defaultConfigurationIsVisible = 0;
		};
		9A60FE061BCAB676007B0AB9 /* Build configuration list for PBXNativeTarget "ViewsTestUITests" */ = {
			isa = XCConfigurationList;
			buildConfigurations = (
				9A60FE071BCAB676007B0AB9 /* Debug */,
				9A60FE081BCAB676007B0AB9 /* Release */,
			);
			defaultConfigurationIsVisible = 0;
		};
/* End XCConfigurationList section */
	};
	rootObject = 9A60FDCB1BCAB676007B0AB9 /* Project object */;
}
